Microsoft Visual Studio Solution File, Format Version 12.00
# Visual Studio Version 17
VisualStudioVersion = 17.5.2.0
MinimumVisualStudioVersion = 10.0.40219.1
Project("{FAE04EC0-301F-11D3-BF4B-00C04F79EFBC}") = "NineERP.Web", "NineERP.Web.csproj", "{CD1BBB76-BF4E-DE40-95AE-C290CBFC2426}"
EndProject
Global
	GlobalSection(SolutionConfigurationPlatforms) = preSolution
		Debug|Any CPU = Debug|Any CPU
		Release|Any CPU = Release|Any CPU
	EndGlobalSection
	GlobalSection(ProjectConfigurationPlatforms) = postSolution
		{CD1BBB76-BF4E-DE40-95AE-C290CBFC2426}.Debug|Any CPU.ActiveCfg = Debug|Any CPU
		{CD1BBB76-BF4E-DE40-95AE-C290CBFC2426}.Debug|Any CPU.Build.0 = Debug|Any CPU
		{CD1BBB76-BF4E-DE40-95AE-C290CBFC2426}.Release|Any CPU.ActiveCfg = Release|Any CPU
		{CD1BBB76-BF4E-DE40-95AE-C290CBFC2426}.Release|Any CPU.Build.0 = Release|Any CPU
	EndGlobalSection
	GlobalSection(SolutionProperties) = preSolution
		HideSolutionNode = FALSE
	EndGlobalSection
	GlobalSection(ExtensibilityGlobals) = postSolution
		SolutionGuid = {8FC2226F-E4C9-4F03-9FF3-F461573ED17E}
	EndGlobalSection
EndGlobal
